
Microsoft Visual Studio Solution File, Format Version 12.00
# Visual Studio Version 17
VisualStudioVersion = 17.13.35931.197 d17.13
MinimumVisualStudioVersion = 10.0.40219.1
Project("{FAE04EC0-301F-11D3-BF4B-00C04F79EFBC}") = "TaskFlow", "TaskFlow\TaskFlow.csproj", "{9E08359A-1148-479C-B8CB-A61AD030A09D}"
EndProject
Global
	GlobalSection(SolutionConfigurationPlatforms) = preSolution
		Debug|Any CPU = Debug|Any CPU
		Release|Any CPU = Release|Any CPU
	EndGlobalSection
	GlobalSection(ProjectConfigurationPlatforms) = postSolution
		{9E08359A-1148-479C-B8CB-A61AD030A09D}.Debug|Any CPU.ActiveCfg = Debug|Any CPU
		{9E08359A-1148-479C-B8CB-A61AD030A09D}.Debug|Any CPU.Build.0 = Debug|Any CPU
		{9E08359A-1148-479C-B8CB-A61AD030A09D}.Release|Any CPU.ActiveCfg = Release|Any CPU
		{9E08359A-1148-479C-B8CB-A61AD030A09D}.Release|Any CPU.Build.0 = Release|Any CPU
	EndGlobalSection
	GlobalSection(SolutionProperties) = preSolution
		HideSolutionNode = FALSE
	EndGlobalSection
	GlobalSection(ExtensibilityGlobals) = postSolution
		SolutionGuid = {C590F5B1-0C30-4726-8FC7-895B3E712A1B}
	EndGlobalSection
EndGlobal
